{
  "name": "ael",
  "lockfileVersion": 3,
  "requires": true,
  "packages": {
    "": {
      "dependencies": {
        "retypeapp": "^3.6.0"
      }
    },
    "node_modules/retypeapp": {
      "version": "3.6.0",
      "resolved": "https://registry.npmjs.org/retypeapp/-/retypeapp-3.6.0.tgz",
      "integrity": "sha512-lDswiUZAVlLVfKo78tb5u4uc4FLN16pPyammOZ/MKBtyQzba+14nza5X4ndMrJMCr4UJuMAuru/515PdGff87A==",
      "license": "See LICENSE IN LICENSE",
      "bin": {
        "retype": "retype.js"
      }
    }
  }
}
