{
  "name": "ael-staging",
  "lockfileVersion": 3,
  "requires": true,
  "packages": {
    "": {
      "dependencies": {
        "retypeapp": "^3.11.0"
      }
    },
    "node_modules/retypeapp": {
      "version": "3.11.0",
      "resolved": "https://registry.npmjs.org/retypeapp/-/retypeapp-3.11.0.tgz",
      "integrity": "sha512-emjLMnmAu3jNLUeM+6OEj0CUlW6GmAq2yXEsf2n40YEDEBu7U2n32pLCFpd6w9Y+MIDmV+1rffN96parLT9uZw==",
      "bin": {
        "retype": "retype.js"
      }
    }
  }
}
